// !$*UTF8*$!
{
	archiveVersion = 1;
	classes = {
	};
	objectVersion = 48;
	objects = {

/* Begin PBXBuildFile section */
		73CD97091F4FF18000B47667 /* AppDelegate.swift in Sources */ = {isa = PBXBuildFile; fileRef = 73CD97081F4FF18000B47667 /* AppDelegate.swift */; };
		73CD970B1F4FF18000B47667 /* ViewController.swift in Sources */ = {isa = PBXBuildFile; fileRef = 73CD970A1F4FF18000B47667 /* ViewController.swift */; };
		73CD970E1F4FF18000B47667 /* Main.storyboard in Resources */ = {isa = PBXBuildFile; fileRef = 73CD970C1F4FF18000B47667 /* Main.storyboard */; };
		73CD97101F4FF18000B47667 /* Assets.xcassets in Resources */ = {isa = PBXBuildFile; fileRef = 73CD970F1F4FF18000B47667 /* Assets.xcassets */; };
		73CD97131F4FF18000B47667 /* LaunchScreen.storyboard in Resources */ = {isa = PBXBuildFile; fileRef = 73CD97111F4FF18000B47667 /* LaunchScreen.storyboard */; };
		73CD971B1F4FF1C600B47667 /* DGSTileOverlay.swift in Sources */ = {isa = PBXBuildFile; fileRef = 73CD971A1F4FF1C600B47667 /* DGSTileOverlay.swift */; };
/* End PBXBuildFile section */

/* Begin PBXFileReference section */
		73CD97051F4FF18000B47667 /* DemoTiles.app */ = {isa = PBXFileReference; explicitFileType = wrapper.application; includeInIndex = 0; path = DemoTiles.app; sourceTree = BUILT_PRODUCTS_DIR; };
		73CD97081F4FF18000B47667 /* AppDelegate.swift */ = {isa = PBXFileReference; lastKnownFileType = sourcecode.swift; path = AppDelegate.swift; sourceTree = "<group>"; };
		73CD970A1F4FF18000B47667 /* ViewController.swift */ = {isa = PBXFileReference; lastKnownFileType = sourcecode.swift; path = ViewController.swift; sourceTree = "<group>"; };
		73CD970D1F4FF18000B47667 /* Base */ = {isa = PBXFileReference; lastKnownFileType = file.storyboard; name = Base; path = Base.lproj/Main.storyboard; sourceTree = "<group>"; };
		73CD970F1F4FF18000B47667 /* Assets.xcassets */ = {isa = PBXFileReference; lastKnownFileType = folder.assetcatalog; path = Assets.xcassets; sourceTree = "<group>"; };
		73CD97121F4FF18000B47667 /* Base */ = {isa = PBXFileReference; lastKnownFileType = file.storyboard; name = Base; path = Base.lproj/LaunchScreen.storyboard; sourceTree = "<group>"; };
		73CD97141F4FF18000B47667 /* Info.plist */ = {isa = PBXFileReference; lastKnownFileType = text.plist.xml; path = Info.plist; sourceTree = "<group>"; };
		73CD971A1F4FF1C600B47667 /* DGSTileOverlay.swift */ = {isa = PBXFileReference; lastKnownFileType = sourcecode.swift; path = DGSTileOverlay.swift; sourceTree = "<group>"; };
/* End PBXFileReference section */

/* Begin PBXFrameworksBuildPhase section */
		73CD97021F4FF18000B47667 /* Frameworks */ = {
			isa = PBXFrameworksBuildPhase;
			buildActionMask = 2147483647;
			files = (
			);
			runOnlyForDeploymentPostprocessing = 0;
		};
/* End PBXFrameworksBuildPhase section */

/* Begin PBXGroup section */
		73CD96FC1F4FF18000B47667 = {
			isa = PBXGroup;
			children = (
				73CD97071F4FF18000B47667 /* DemoTiles */,
				73CD97061F4FF18000B47667 /* Products */,
			);
			sourceTree = "<group>";
		};
		73CD97061F4FF18000B47667 /* Products */ = {
			isa = PBXGroup;
			children = (
				73CD97051F4FF18000B47667 /* DemoTiles.app */,
			);
			name = Products;
			sourceTree = "<group>";
		};
		73CD97071F4FF18000B47667 /* DemoTiles */ = {
			isa = PBXGroup;
			children = (
				73CD97081F4FF18000B47667 /* AppDelegate.swift */,
				73CD970A1F4FF18000B47667 /* ViewController.swift */,
				73CD970C1F4FF18000B47667 /* Main.storyboard */,
				73CD970F1F4FF18000B47667 /* Assets.xcassets */,
				73CD97111F4FF18000B47667 /* LaunchScreen.storyboard */,
				73CD97141F4FF18000B47667 /* Info.plist */,
				73CD971A1F4FF1C600B47667 /* DGSTileOverlay.swift */,
			);
			path = DemoTiles;
			sourceTree = "<group>";
		};
/* End PBXGroup section */

/* Begin PBXNativeTarget section */
		73CD97041F4FF18000B47667 /* DemoTiles */ = {
			isa = PBXNativeTarget;
			buildConfigurationList = 73CD97171F4FF18000B47667 /* Build configuration list for PBXNativeTarget "DemoTiles" */;
			buildPhases = (
				73CD97011F4FF18000B47667 /* Sources */,
				73CD97021F4FF18000B47667 /* Frameworks */,
				73CD97031F4FF18000B47667 /* Resources */,
			);
			buildRules = (
			);
			dependencies = (
			);
			name = DemoTiles;
			productName = DemoTiles;
			productReference = 73CD97051F4FF18000B47667 /* DemoTiles.app */;
			productType = "com.apple.product-type.application";
		};
/* End PBXNativeTarget section */

/* Begin PBXProject section */
		73CD96FD1F4FF18000B47667 /* Project object */ = {
			isa = PBXProject;
			attributes = {
				LastSwiftUpdateCheck = 0900;
				LastUpgradeCheck = 0900;
				ORGANIZATIONNAME = 2gis;
				TargetAttributes = {
					73CD97041F4FF18000B47667 = {
						CreatedOnToolsVersion = 9.0;
						ProvisioningStyle = Automatic;
					};
				};
			};
			buildConfigurationList = 73CD97001F4FF18000B47667 /* Build configuration list for PBXProject "DemoTiles" */;
			compatibilityVersion = "Xcode 8.0";
			developmentRegion = en;
			hasScannedForEncodings = 0;
			knownRegions = (
				en,
				Base,
			);
			mainGroup = 73CD96FC1F4FF18000B47667;
			productRefGroup = 73CD97061F4FF18000B47667 /* Products */;
			projectDirPath = "";
			projectRoot = "";
			targets = (
				73CD97041F4FF18000B47667 /* DemoTiles */,
			);
		};
/* End PBXProject section */

/* Begin PBXResourcesBuildPhase section */
		73CD97031F4FF18000B47667 /* Resources */ = {
			isa = PBXResourcesBuildPhase;
			buildActionMask = 2147483647;
			files = (
				73CD97131F4FF18000B47667 /* LaunchScreen.storyboard in Resources */,
				73CD97101F4FF18000B47667 /* Assets.xcassets in Resources */,
				73CD970E1F4FF18000B47667 /* Main.storyboard in Resources */,
			);
			runOnlyForDeploymentPostprocessing = 0;
		};
/* End PBXResourcesBuildPhase section */

/* Begin PBXSourcesBuildPhase section */
		73CD97011F4FF18000B47667 /* Sources */ = {
			isa = PBXSourcesBuildPhase;
			buildActionMask = 2147483647;
			files = (
				73CD970B1F4FF18000B47667 /* ViewController.swift in Sources */,
				73CD971B1F4FF1C600B47667 /* DGSTileOverlay.swift in Sources */,
				73CD97091F4FF18000B47667 /* AppDelegate.swift in Sources */,
			);
			runOnlyForDeploymentPostprocessing = 0;
		};
/* End PBXSourcesBuildPhase section */

/* Begin PBXVariantGroup section */
		73CD970C1F4FF18000B47667 /* Main.storyboard */ = {
			isa = PBXVariantGroup;
			children = (
				73CD970D1F4FF18000B47667 /* Base */,
			);
			name = Main.storyboard;
			sourceTree = "<group>";
		};
		73CD97111F4FF18000B47667 /* LaunchScreen.storyboard */ = {
			isa = PBXVariantGroup;
			children = (
				73CD97121F4FF18000B47667 /* Base */,
			);
			name = LaunchScreen.storyboard;
			sourceTree = "<group>";
		};
/* End PBXVariantGroup section */

/* Begin XCBuildConfiguration section */
		73CD97151F4FF18000B47667 /* Debug */ = {
			isa = XCBuildConfiguration;
			buildSettings = {
				ALWAYS_SEARCH_USER_PATHS = NO;
				CLANG_ANALYZER_NONNULL = YES;
				CLANG_ANALYZER_NUMBER_OBJECT_CONVERSION = YES_AGGRESSIVE;
				CLANG_CXX_LANGUAGE_STANDARD = "gnu++14";
				CLANG_CXX_LIBRARY = "libc++";
				CLANG_ENABLE_MODULES = YES;
				CLANG_ENABLE_OBJC_ARC = YES;
				CLANG_WARN_BLOCK_CAPTURE_AUTORELEASING = YES;
				CLANG_WARN_BOOL_CONVERSION = YES;
				CLANG_WARN_COMMA = YES;
				CLANG_WARN_CONSTANT_CONVERSION = YES;
				CLANG_WARN_DIRECT_OBJC_ISA_USAGE = YES_ERROR;
				CLANG_WARN_DOCUMENTATION_COMMENTS = YES;
				CLANG_WARN_EMPTY_BODY = YES;
				CLANG_WARN_ENUM_CONVERSION = YES;
				CLANG_WARN_INFINITE_RECURSION = YES;
				CLANG_WARN_INT_CONVERSION = YES;
				CLANG_WARN_NON_LITERAL_NULL_CONVERSION = YES;
				CLANG_WARN_OBJC_LITERAL_CONVERSION = YES;
				CLANG_WARN_OBJC_ROOT_CLASS = YES_ERROR;
				CLANG_WARN_RANGE_LOOP_ANALYSIS = YES;
				CLANG_WARN_STRICT_PROTOTYPES = YES;
				CLANG_WARN_SUSPICIOUS_MOVE = YES;
				CLANG_WARN_UNGUARDED_AVAILABILITY = YES_AGGRESSIVE;
				CLANG_WARN_UNREACHABLE_CODE = YES;
				CLANG_WARN__DUPLICATE_METHOD_MATCH = YES;
				CODE_SIGN_IDENTITY = "iPhone Developer";
				COPY_PHASE_STRIP = NO;
				DEBUG_INFORMATION_FORMAT = dwarf;
				ENABLE_STRICT_OBJC_MSGSEND = YES;
				ENABLE_TESTABILITY = YES;
				GCC_C_LANGUAGE_STANDARD = gnu11;
				GCC_DYNAMIC_NO_PIC = NO;
				GCC_NO_COMMON_BLOCKS = YES;
				GCC_OPTIMIZATION_LEVEL = 0;
				GCC_PREPROCESSOR_DEFINITIONS = (
					"DEBUG=1",
					"$(inherited)",
				);
				GCC_WARN_64_TO_32_BIT_CONVERSION = YES;
				GCC_WARN_ABOUT_RETURN_TYPE = YES_ERROR;
				GCC_WARN_UNDECLARED_SELECTOR = YES;
				GCC_WARN_UNINITIALIZED_AUTOS = YES_AGGRESSIVE;
				GCC_WARN_UNUSED_FUNCTION = YES;
				GCC_WARN_UNUSED_VARIABLE = YES;
				IPHONEOS_DEPLOYMENT_TARGET = 11.0;
				MTL_ENABLE_DEBUG_INFO = YES;
				ONLY_ACTIVE_ARCH = YES;
				SDKROOT = iphoneos;
				SWIFT_ACTIVE_COMPILATION_CONDITIONS = DEBUG;
				SWIFT_OPTIMIZATION_LEVEL = "-Onone";
			};
			name = Debug;
		};
		73CD97161F4FF18000B47667 /* Release */ = {
			isa = XCBuildConfiguration;
			buildSettings = {
				ALWAYS_SEARCH_USER_PATHS = NO;
				CLANG_ANALYZER_NONNULL = YES;
				CLANG_ANALYZER_NUMBER_OBJECT_CONVERSION = YES_AGGRESSIVE;
				CLANG_CXX_LANGUAGE_STANDARD = "gnu++14";
				CLANG_CXX_LIBRARY = "libc++";
				CLANG_ENABLE_MODULES = YES;
				CLANG_ENABLE_OBJC_ARC = YES;
				CLANG_WARN_BLOCK_CAPTURE_AUTORELEASING = YES;
				CLANG_WARN_BOOL_CONVERSION = YES;
				CLANG_WARN_COMMA = YES;
				CLANG_WARN_CONSTANT_CONVERSION = YES;
				CLANG_WARN_DIRECT_OBJC_ISA_USAGE = YES_ERROR;
				CLANG_WARN_DOCUMENTATION_COMMENTS = YES;
				CLANG_WARN_EMPTY_BODY = YES;
				CLANG_WARN_ENUM_CONVERSION = YES;
				CLANG_WARN_INFINITE_RECURSION = YES;
				CLANG_WARN_INT_CONVERSION = YES;
				CLANG_WARN_NON_LITERAL_NULL_CONVERSION = YES;
				CLANG_WARN_OBJC_LITERAL_CONVERSION = YES;
				CLANG_WARN_OBJC_ROOT_CLASS = YES_ERROR;
				CLANG_WARN_RANGE_LOOP_ANALYSIS = YES;
				CLANG_WARN_STRICT_PROTOTYPES = YES;
				CLANG_WARN_SUSPICIOUS_MOVE = YES;
				CLANG_WARN_UNGUARDED_AVAILABILITY = YES_AGGRESSIVE;
				CLANG_WARN_UNREACHABLE_CODE = YES;
				CLANG_WARN__DUPLICATE_METHOD_MATCH = YES;
				CODE_SIGN_IDENTITY = "iPhone Developer";
				COPY_PHASE_STRIP = NO;
				DEBUG_INFORMATION_FORMAT = "dwarf-with-dsym";
				ENABLE_NS_ASSERTIONS = NO;
				ENABLE_STRICT_OBJC_MSGSEND = YES;
				GCC_C_LANGUAGE_STANDARD = gnu11;
				GCC_NO_COMMON_BLOCKS = YES;
				GCC_WARN_64_TO_32_BIT_CONVERSION = YES;
				GCC_WARN_ABOUT_RETURN_TYPE = YES_ERROR;
				GCC_WARN_UNDECLARED_SELECTOR = YES;
				GCC_WARN_UNINITIALIZED_AUTOS = YES_AGGRESSIVE;
				GCC_WARN_UNUSED_FUNCTION = YES;
				GCC_WARN_UNUSED_VARIABLE = YES;
				IPHONEOS_DEPLOYMENT_TARGET = 11.0;
				MTL_ENABLE_DEBUG_INFO = NO;
				SDKROOT = iphoneos;
				SWIFT_OPTIMIZATION_LEVEL = "-Owholemodule";
				VALIDATE_PRODUCT = YES;
			};
			name = Release;
		};
		73CD97181F4FF18000B47667 /* Debug */ = {
			isa = XCBuildConfiguration;
			buildSettings = {
				ASSETCATALOG_COMPILER_APPICON_NAME = AppIcon;
				CODE_SIGN_STYLE = Automatic;
				DEVELOPMENT_TEAM = VU3PGKQ7QX;
				INFOPLIST_FILE = DemoTiles/Info.plist;
				IPHONEOS_DEPLOYMENT_TARGET = 9.0;
				LD_RUNPATH_SEARCH_PATHS = "$(inherited) @executable_path/Frameworks";
				PRODUCT_BUNDLE_IDENTIFIER = ru.doublegis.DemoTiles;
				PRODUCT_NAME = "$(TARGET_NAME)";
				SWIFT_VERSION = 4.0;
				TARGETED_DEVICE_FAMILY = "1,2";
			};
			name = Debug;
		};
		73CD97191F4FF18000B47667 /* Release */ = {
			isa = XCBuildConfiguration;
			buildSettings = {
				ASSETCATALOG_COMPILER_APPICON_NAME = AppIcon;
				CODE_SIGN_STYLE = Automatic;
				DEVELOPMENT_TEAM = VU3PGKQ7QX;
				INFOPLIST_FILE = DemoTiles/Info.plist;
				IPHONEOS_DEPLOYMENT_TARGET = 9.0;
				LD_RUNPATH_SEARCH_PATHS = "$(inherited) @executable_path/Frameworks";
				PRODUCT_BUNDLE_IDENTIFIER = ru.doublegis.DemoTiles;
				PRODUCT_NAME = "$(TARGET_NAME)";
				SWIFT_VERSION = 4.0;
				TARGETED_DEVICE_FAMILY = "1,2";
			};
			name = Release;
		};
/* End XCBuildConfiguration section */

/* Begin XCConfigurationList section */
		73CD97001F4FF18000B47667 /* Build configuration list for PBXProject "DemoTiles" */ = {
			isa = XCConfigurationList;
			buildConfigurations = (
				73CD97151F4FF18000B47667 /* Debug */,
				73CD97161F4FF18000B47667 /* Release */,
			);
			defaultConfigurationIsVisible = 0;
			defaultConfigurationName = Release;
		};
		73CD97171F4FF18000B47667 /* Build configuration list for PBXNativeTarget "DemoTiles" */ = {
			isa = XCConfigurationList;
			buildConfigurations = (
				73CD97181F4FF18000B47667 /* Debug */,
				73CD97191F4FF18000B47667 /* Release */,
			);
			defaultConfigurationIsVisible = 0;
			defaultConfigurationName = Release;
		};
/* End XCConfigurationList section */
	};
	rootObject = 73CD96FD1F4FF18000B47667 /* Project object */;
}
